<?xml version="1.0" encoding="utf-8"?>
<Project ToolsVersion="4.0" xmlns="http://schemas.microsoft.com/developer/msbuild/2003">
  <ItemGroup>
    <ClCompile Include="Game.cpp" />
    <ClCompile Include="Hole.cpp" />
    <ClCompile Include="Player.cpp" />
    <ClCompile Include="RandomNumberGenerator.cpp" />
    <ClCompile Include="Score.cpp" />
    <ClCompile Include="Source.cpp" />
    <ClCompile Include="Tile.cpp" />
    <ClCompile Include="Wall.cpp" />
  </ItemGroup>
  <ItemGroup>
    <ClInclude Include="Constants.h" />
    <ClInclude Include="Game.h" />
    <ClInclude Include="Hole.h" />
    <ClInclude Include="Player.h" />
    <ClInclude Include="RandomNumberGenerator.h" />
    <ClInclude Include="Tile.h" />
    <ClInclude Include="Score.h" />
    <ClInclude Include="Wall.h" />
  </ItemGroup>
</Project>