<?xml version="1.0" encoding="utf-8"?>
<Project ToolsVersion="4.0" xmlns="http://schemas.microsoft.com/developer/msbuild/2003">
  <ItemGroup>
    <ClCompile Include="Game.cpp" />
    <ClCompile Include="Hole.cpp" />
    <ClCompile Include="Player.cpp" />
    <ClCompile Include="RandomNumberGenerator.cpp" />
    <ClCompile Include="Score.cpp" />
    <ClCompile Include="Source.cpp" />
    <ClCompile Include="Tile.cpp" />
    <ClCompile Include="Wall.cpp" />
    <ClCompile Include="Key.cpp" />
    <ClCompile Include="Level.cpp" />
    <ClCompile Include="Door.cpp" />
    <ClCompile Include="HighScoreList.cpp" />
    <ClCompile Include="Spike.cpp" />
    <ClCompile Include="Water.cpp" />
  </ItemGroup>
  <ItemGroup>
    <ClInclude Include="Constants.h" />
    <ClInclude Include="Game.h" />
    <ClInclude Include="Hole.h" />
    <ClInclude Include="Player.h" />
    <ClInclude Include="RandomNumberGenerator.h" />
    <ClInclude Include="Tile.h" />
    <ClInclude Include="Score.h" />
    <ClInclude Include="Wall.h" />
    <ClInclude Include="Key.h" />
    <ClInclude Include="Level.h" />
    <ClInclude Include="Source.h" />
    <ClInclude Include="Door.h" />
    <ClInclude Include="HighScoreList.h" />
    <ClInclude Include="Spike.h" />
    <ClInclude Include="Water.h" />
  </ItemGroup>
  <ItemGroup>
    <Text Include="HighScores.txt" />
  </ItemGroup>
</Project>